// !$*UTF8*$!
{
	archiveVersion = 1;
	classes = {
	};
	objectVersion = 77;
	objects = {

/* Begin PBXContainerItemProxy section */
		B054EAB62E7076AE007F3CAA /* PBXContainerItemProxy */ = {
			isa = PBXContainerItemProxy;
			containerPortal = B054EAA02E7076AC007F3CAA /* Project object */;
			proxyType = 1;
			remoteGlobalIDString = B054EAA72E7076AC007F3CAA;
			remoteInfo = pingback;
		};
		B054EAC02E7076AE007F3CAA /* PBXContainerItemProxy */ = {
			isa = PBXContainerItemProxy;
			containerPortal = B054EAA02E7076AC007F3CAA /* Project object */;
			proxyType = 1;
			remoteGlobalIDString = B054EAA72E7076AC007F3CAA;
			remoteInfo = pingback;
		};
/* End PBXContainerItemProxy section */

/* Begin PBXFileReference section */
		B054EAA82E7076AC007F3CAA /* pingback.app */ = {isa = PBXFileReference; explicitFileType = wrapper.application; includeInIndex = 0; path = pingback.app; sourceTree = BUILT_PRODUCTS_DIR; };
		B054EAB52E7076AE007F3CAA /* pingbackTests.xctest */ = {isa = PBXFileReference; explicitFileType = wrapper.cfbundle; includeInIndex = 0; path = pingbackTests.xctest; sourceTree = BUILT_PRODUCTS_DIR; };
		B054EABF2E7076AE007F3CAA /* pingbackUITests.xctest */ = {isa = PBXFileReference; explicitFileType = wrapper.cfbundle; includeInIndex = 0; path = pingbackUITests.xctest; sourceTree = BUILT_PRODUCTS_DIR; };
/* End PBXFileReference section */

/* Begin PBXFileSystemSynchronizedRootGroup section */
		B054EAAA2E7076AC007F3CAA /* pingback */ = {
			isa = PBXFileSystemSynchronizedRootGroup;
			path = pingback;
			sourceTree = "<group>";
		};
		B054EAB82E7076AE007F3CAA /* pingbackTests */ = {
			isa = PBXFileSystemSynchronizedRootGroup;
			path = pingbackTests;
			sourceTree = "<group>";
		};
		B054EAC22E7076AE007F3CAA /* pingbackUITests */ = {
			isa = PBXFileSystemSynchronizedRootGroup;
			path = pingbackUITests;
			sourceTree = "<group>";
		};
/* End PBXFileSystemSynchronizedRootGroup section */

/* Begin PBXFrameworksBuildPhase section */
		B054EAA52E7076AC007F3CAA /* Frameworks */ = {
			isa = PBXFrameworksBuildPhase;
			buildActionMask = 2147483647;
			files = (
			);
			runOnlyForDeploymentPostprocessing = 0;
		};
		B054EAB22E7076AE007F3CAA /* Frameworks */ = {
			isa = PBXFrameworksBuildPhase;
			buildActionMask = 2147483647;
			files = (
			);
			runOnlyForDeploymentPostprocessing = 0;
		};
		B054EABC2E7076AE007F3CAA /* Frameworks */ = {
			isa = PBXFrameworksBuildPhase;
			buildActionMask = 2147483647;
			files = (
			);
			runOnlyForDeploymentPostprocessing = 0;
		};
/* End PBXFrameworksBuildPhase section */

/* Begin PBXGroup section */
		B054EA9F2E7076AC007F3CAA = {
			isa = PBXGroup;
			children = (
				B054EAAA2E7076AC007F3CAA /* pingback */,
				B054EAB82E7076AE007F3CAA /* pingbackTests */,
				B054EAC22E7076AE007F3CAA /* pingbackUITests */,
				B054EAA92E7076AC007F3CAA /* Products */,
			);
			sourceTree = "<group>";
		};
		B054EAA92E7076AC007F3CAA /* Products */ = {
			isa = PBXGroup;
			children = (
				B054EAA82E7076AC007F3CAA /* pingback.app */,
				B054EAB52E7076AE007F3CAA /* pingbackTests.xctest */,
				B054EABF2E7076AE007F3CAA /* pingbackUITests.xctest */,
			);
			name = Products;
			sourceTree = "<group>";
		};
/* End PBXGroup section */

/* Begin PBXNativeTarget section */
		B054EAA72E7076AC007F3CAA /* pingback */ = {
			isa = PBXNativeTarget;
			buildConfigurationList = B054EAC92E7076AE007F3CAA /* Build configuration list for PBXNativeTarget "pingback" */;
			buildPhases = (
				B054EAA42E7076AC007F3CAA /* Sources */,
				B054EAA52E7076AC007F3CAA /* Frameworks */,
				B054EAA62E7076AC007F3CAA /* Resources */,
			);
			buildRules = (
			);
			dependencies = (
			);
			fileSystemSynchronizedGroups = (
				B054EAAA2E7076AC007F3CAA /* pingback */,
			);
			name = pingback;
			packageProductDependencies = (
			);
			productName = pingback;
			productReference = B054EAA82E7076AC007F3CAA /* pingback.app */;
			productType = "com.apple.product-type.application";
		};
		B054EAB42E7076AE007F3CAA /* pingbackTests */ = {
			isa = PBXNativeTarget;
			buildConfigurationList = B054EACC2E7076AE007F3CAA /* Build configuration list for PBXNativeTarget "pingbackTests" */;
			buildPhases = (
				B054EAB12E7076AE007F3CAA /* Sources */,
				B054EAB22E7076AE007F3CAA /* Frameworks */,
				B054EAB32E7076AE007F3CAA /* Resources */,
			);
			buildRules = (
			);
			dependencies = (
				B054EAB72E7076AE007F3CAA /* PBXTargetDependency */,
			);
			fileSystemSynchronizedGroups = (
				B054EAB82E7076AE007F3CAA /* pingbackTests */,
			);
			name = pingbackTests;
			packageProductDependencies = (
			);
			productName = pingbackTests;
			productReference = B054EAB52E7076AE007F3CAA /* pingbackTests.xctest */;
			productType = "com.apple.product-type.bundle.unit-test";
		};
		B054EABE2E7076AE007F3CAA /* pingbackUITests */ = {
			isa = PBXNativeTarget;
			buildConfigurationList = B054EACF2E7076AE007F3CAA /* Build configuration list for PBXNativeTarget "pingbackUITests" */;
			buildPhases = (
				B054EABB2E7076AE007F3CAA /* Sources */,
				B054EABC2E7076AE007F3CAA /* Frameworks */,
				B054EABD2E7076AE007F3CAA /* Resources */,
			);
			buildRules = (
			);
			dependencies = (
				B054EAC12E7076AE007F3CAA /* PBXTargetDependency */,
			);
			fileSystemSynchronizedGroups = (
				B054EAC22E7076AE007F3CAA /* pingbackUITests */,
			);
			name = pingbackUITests;
			packageProductDependencies = (
			);
			productName = pingbackUITests;
			productReference = B054EABF2E7076AE007F3CAA /* pingbackUITests.xctest */;
			productType = "com.apple.product-type.bundle.ui-testing";
		};
/* End PBXNativeTarget section */

/* Begin PBXProject section */
		B054EAA02E7076AC007F3CAA /* Project object */ = {
			isa = PBXProject;
			attributes = {
				BuildIndependentTargetsInParallel = 1;
				LastSwiftUpdateCheck = 1640;
				LastUpgradeCheck = 1640;
				TargetAttributes = {
					B054EAA72E7076AC007F3CAA = {
						CreatedOnToolsVersion = 16.4;
					};
					B054EAB42E7076AE007F3CAA = {
						CreatedOnToolsVersion = 16.4;
						TestTargetID = B054EAA72E7076AC007F3CAA;
					};
					B054EABE2E7076AE007F3CAA = {
						CreatedOnToolsVersion = 16.4;
						TestTargetID = B054EAA72E7076AC007F3CAA;
					};
				};
			};
			buildConfigurationList = B054EAA32E7076AC007F3CAA /* Build configuration list for PBXProject "pingback" */;
			developmentRegion = en;
			hasScannedForEncodings = 0;
			knownRegions = (
				en,
				Base,
			);
			mainGroup = B054EA9F2E7076AC007F3CAA;
			minimizedProjectReferenceProxies = 1;
			preferredProjectObjectVersion = 77;
			productRefGroup = B054EAA92E7076AC007F3CAA /* Products */;
			projectDirPath = "";
			projectRoot = "";
			targets = (
				B054EAA72E7076AC007F3CAA /* pingback */,
				B054EAB42E7076AE007F3CAA /* pingbackTests */,
				B054EABE2E7076AE007F3CAA /* pingbackUITests */,
			);
		};
/* End PBXProject section */

/* Begin PBXResourcesBuildPhase section */
		B054EAA62E7076AC007F3CAA /* Resources */ = {
			isa = PBXResourcesBuildPhase;
			buildActionMask = 2147483647;
			files = (
			);
			runOnlyForDeploymentPostprocessing = 0;
		};
		B054EAB32E7076AE007F3CAA /* Resources */ = {
			isa = PBXResourcesBuildPhase;
			buildActionMask = 2147483647;
			files = (
			);
			runOnlyForDeploymentPostprocessing = 0;
		};
		B054EABD2E7076AE007F3CAA /* Resources */ = {
			isa = PBXResourcesBuildPhase;
			buildActionMask = 2147483647;
			files = (
			);
			runOnlyForDeploymentPostprocessing = 0;
		};
/* End PBXResourcesBuildPhase section */

/* Begin PBXSourcesBuildPhase section */
		B054EAA42E7076AC007F3CAA /* Sources */ = {
			isa = PBXSourcesBuildPhase;
			buildActionMask = 2147483647;
			files = (
			);
			runOnlyForDeploymentPostprocessing = 0;
		};
		B054EAB12E7076AE007F3CAA /* Sources */ = {
			isa = PBXSourcesBuildPhase;
			buildActionMask = 2147483647;
			files = (
			);
			runOnlyForDeploymentPostprocessing = 0;
		};
		B054EABB2E7076AE007F3CAA /* Sources */ = {
			isa = PBXSourcesBuildPhase;
			buildActionMask = 2147483647;
			files = (
			);
			runOnlyForDeploymentPostprocessing = 0;
		};
/* End PBXSourcesBuildPhase section */

/* Begin PBXTargetDependency section */
		B054EAB72E7076AE007F3CAA /* PBXTargetDependency */ = {
			isa = PBXTargetDependency;
			target = B054EAA72E7076AC007F3CAA /* pingback */;
			targetProxy = B054EAB62E7076AE007F3CAA /* PBXContainerItemProxy */;
		};
		B054EAC12E7076AE007F3CAA /* PBXTargetDependency */ = {
			isa = PBXTargetDependency;
			target = B054EAA72E7076AC007F3CAA /* pingback */;
			targetProxy = B054EAC02E7076AE007F3CAA /* PBXContainerItemProxy */;
		};
/* End PBXTargetDependency section */

/* Begin XCBuildConfiguration section */
		B054EAC72E7076AE007F3CAA /* Debug */ = {
			isa = XCBuildConfiguration;
			buildSettings = {
				ALWAYS_SEARCH_USER_PATHS = NO;
				ASSETCATALOG_COMPILER_GENERATE_SWIFT_ASSET_SYMBOL_EXTENSIONS = YES;
				CLANG_ANALYZER_NONNULL = YES;
				CLANG_ANALYZER_NUMBER_OBJECT_CONVERSION = YES_AGGRESSIVE;
				CLANG_CXX_LANGUAGE_STANDARD = "gnu++20";
				CLANG_ENABLE_MODULES = YES;
				CLANG_ENABLE_OBJC_ARC = YES;
				CLANG_ENABLE_OBJC_WEAK = YES;
				CLANG_WARN_BLOCK_CAPTURE_AUTORELEASING = YES;
				CLANG_WARN_BOOL_CONVERSION = YES;
				CLANG_WARN_COMMA = YES;
				CLANG_WARN_CONSTANT_CONVERSION = YES;
				CLANG_WARN_DEPRECATED_OBJC_IMPLEMENTATIONS = YES;
				CLANG_WARN_DIRECT_OBJC_ISA_USAGE = YES_ERROR;
				CLANG_WARN_DOCUMENTATION_COMMENTS = YES;
				CLANG_WARN_EMPTY_BODY = YES;
				CLANG_WARN_ENUM_CONVERSION = YES;
				CLANG_WARN_INFINITE_RECURSION = YES;
				CLANG_WARN_INT_CONVERSION = YES;
				CLANG_WARN_NON_LITERAL_NULL_CONVERSION = YES;
				CLANG_WARN_OBJC_IMPLICIT_RETAIN_SELF = YES;
				CLANG_WARN_OBJC_LITERAL_CONVERSION = YES;
				CLANG_WARN_OBJC_ROOT_CLASS = YES_ERROR;
				CLANG_WARN_QUOTED_INCLUDE_IN_FRAMEWORK_HEADER = YES;
				CLANG_WARN_RANGE_LOOP_ANALYSIS = YES;
				CLANG_WARN_STRICT_PROTOTYPES = YES;
				CLANG_WARN_SUSPICIOUS_MOVE = YES;
				CLANG_WARN_UNGUARDED_AVAILABILITY = YES_AGGRESSIVE;
				CLANG_WARN_UNREACHABLE_CODE = YES;
				CLANG_WARN__DUPLICATE_METHOD_MATCH = YES;
				COPY_PHASE_STRIP = NO;
				DEBUG_INFORMATION_FORMAT = dwarf;
				ENABLE_STRICT_OBJC_MSGSEND = YES;
				ENABLE_TESTABILITY = YES;
				ENABLE_USER_SCRIPT_SANDBOXING = YES;
				GCC_C_LANGUAGE_STANDARD = gnu17;
				GCC_DYNAMIC_NO_PIC = NO;
				GCC_NO_COMMON_BLOCKS = YES;
				GCC_OPTIMIZATION_LEVEL = 0;
				GCC_PREPROCESSOR_DEFINITIONS = (
					"DEBUG=1",
					"$(inherited)",
				);
				GCC_WARN_64_TO_32_BIT_CONVERSION = YES;
				GCC_WARN_ABOUT_RETURN_TYPE = YES_ERROR;
				GCC_WARN_UNDECLARED_SELECTOR = YES;
				GCC_WARN_UNINITIALIZED_AUTOS = YES_AGGRESSIVE;
				GCC_WARN_UNUSED_FUNCTION = YES;
				GCC_WARN_UNUSED_VARIABLE = YES;
				IPHONEOS_DEPLOYMENT_TARGET = 18.5;
				LOCALIZATION_PREFERS_STRING_CATALOGS = YES;
				MTL_ENABLE_DEBUG_INFO = INCLUDE_SOURCE;
				MTL_FAST_MATH = YES;
				ONLY_ACTIVE_ARCH = YES;
				SDKROOT = iphoneos;
				SWIFT_ACTIVE_COMPILATION_CONDITIONS = "DEBUG $(inherited)";
				SWIFT_OPTIMIZATION_LEVEL = "-Onone";
			};
			name = Debug;
		};
		B054EAC82E7076AE007F3CAA /* Release */ = {
			isa = XCBuildConfiguration;
			buildSettings = {
				ALWAYS_SEARCH_USER_PATHS = NO;
				ASSETCATALOG_COMPILER_GENERATE_SWIFT_ASSET_SYMBOL_EXTENSIONS = YES;
				CLANG_ANALYZER_NONNULL = YES;
				CLANG_ANALYZER_NUMBER_OBJECT_CONVERSION = YES_AGGRESSIVE;
				CLANG_CXX_LANGUAGE_STANDARD = "gnu++20";
				CLANG_ENABLE_MODULES = YES;
				CLANG_ENABLE_OBJC_ARC = YES;
				CLANG_ENABLE_OBJC_WEAK = YES;
				CLANG_WARN_BLOCK_CAPTURE_AUTORELEASING = YES;
				CLANG_WARN_BOOL_CONVERSION = YES;
				CLANG_WARN_COMMA = YES;
				CLANG_WARN_CONSTANT_CONVERSION = YES;
				CLANG_WARN_DEPRECATED_OBJC_IMPLEMENTATIONS = YES;
				CLANG_WARN_DIRECT_OBJC_ISA_USAGE = YES_ERROR;
				CLANG_WARN_DOCUMENTATION_COMMENTS = YES;
				CLANG_WARN_EMPTY_BODY = YES;
				CLANG_WARN_ENUM_CONVERSION = YES;
				CLANG_WARN_INFINITE_RECURSION = YES;
				CLANG_WARN_INT_CONVERSION = YES;
				CLANG_WARN_NON_LITERAL_NULL_CONVERSION = YES;
				CLANG_WARN_OBJC_IMPLICIT_RETAIN_SELF = YES;
				CLANG_WARN_OBJC_LITERAL_CONVERSION = YES;
				CLANG_WARN_OBJC_ROOT_CLASS = YES_ERROR;
				CLANG_WARN_QUOTED_INCLUDE_IN_FRAMEWORK_HEADER = YES;
				CLANG_WARN_RANGE_LOOP_ANALYSIS = YES;
				CLANG_WARN_STRICT_PROTOTYPES = YES;
				CLANG_WARN_SUSPICIOUS_MOVE = YES;
				CLANG_WARN_UNGUARDED_AVAILABILITY = YES_AGGRESSIVE;
				CLANG_WARN_UNREACHABLE_CODE = YES;
				CLANG_WARN__DUPLICATE_METHOD_MATCH = YES;
				COPY_PHASE_STRIP = NO;
				DEBUG_INFORMATION_FORMAT = "dwarf-with-dsym";
				ENABLE_NS_ASSERTIONS = NO;
				ENABLE_STRICT_OBJC_MSGSEND = YES;
				ENABLE_USER_SCRIPT_SANDBOXING = YES;
				GCC_C_LANGUAGE_STANDARD = gnu17;
				GCC_NO_COMMON_BLOCKS = YES;
				GCC_WARN_64_TO_32_BIT_CONVERSION = YES;
				GCC_WARN_ABOUT_RETURN_TYPE = YES_ERROR;
				GCC_WARN_UNDECLARED_SELECTOR = YES;
				GCC_WARN_UNINITIALIZED_AUTOS = YES_AGGRESSIVE;
				GCC_WARN_UNUSED_FUNCTION = YES;
				GCC_WARN_UNUSED_VARIABLE = YES;
				IPHONEOS_DEPLOYMENT_TARGET = 18.5;
				LOCALIZATION_PREFERS_STRING_CATALOGS = YES;
				MTL_ENABLE_DEBUG_INFO = NO;
				MTL_FAST_MATH = YES;
				SDKROOT = iphoneos;
				SWIFT_COMPILATION_MODE = wholemodule;
				VALIDATE_PRODUCT = YES;
			};
			name = Release;
		};
		B054EACA2E7076AE007F3CAA /* Debug */ = {
			isa = XCBuildConfiguration;
			buildSettings = {
				ASSETCATALOG_COMPILER_APPICON_NAME = AppIcon;
				ASSETCATALOG_COMPILER_GLOBAL_ACCENT_COLOR_NAME = AccentColor;
				CODE_SIGN_STYLE = Automatic;
				CURRENT_PROJECT_VERSION = 1;
				ENABLE_PREVIEWS = YES;
				GENERATE_INFOPLIST_FILE = YES;
				INFOPLIST_KEY_UIApplicationSceneManifest_Generation = YES;
				INFOPLIST_KEY_UIApplicationSupportsIndirectInputEvents = YES;
				INFOPLIST_KEY_UILaunchScreen_Generation = YES;
				INFOPLIST_KEY_UISupportedInterfaceOrientations_iPad = "UIInterfaceOrientationPortrait UIInterfaceOrientationPortraitUpsideDown UIInterfaceOrientationLandscapeLeft UIInterfaceOrientationLandscapeRight";
				INFOPLIST_KEY_UISupportedInterfaceOrientations_iPhone = "UIInterfaceOrientationPortrait UIInterfaceOrientationLandscapeLeft UIInterfaceOrientationLandscapeRight";
				LD_RUNPATH_SEARCH_PATHS = (
					"$(inherited)",
					"@executable_path/Frameworks",
				);
				MARKETING_VERSION = 1.0;
				PRODUCT_BUNDLE_IDENTIFIER = app.pingback.pingback;
				PRODUCT_NAME = "$(TARGET_NAME)";
				SWIFT_EMIT_LOC_STRINGS = YES;
				SWIFT_VERSION = 5.0;
				TARGETED_DEVICE_FAMILY = "1,2";
			};
			name = Debug;
		};
		B054EACB2E7076AE007F3CAA /* Release */ = {
			isa = XCBuildConfiguration;
			buildSettings = {
				ASSETCATALOG_COMPILER_APPICON_NAME = AppIcon;
				ASSETCATALOG_COMPILER_GLOBAL_ACCENT_COLOR_NAME = AccentColor;
				CODE_SIGN_STYLE = Automatic;
				CURRENT_PROJECT_VERSION = 1;
				ENABLE_PREVIEWS = YES;
				GENERATE_INFOPLIST_FILE = YES;
				INFOPLIST_KEY_UIApplicationSceneManifest_Generation = YES;
				INFOPLIST_KEY_UIApplicationSupportsIndirectInputEvents = YES;
				INFOPLIST_KEY_UILaunchScreen_Generation = YES;
				INFOPLIST_KEY_UISupportedInterfaceOrientations_iPad = "UIInterfaceOrientationPortrait UIInterfaceOrientationPortraitUpsideDown UIInterfaceOrientationLandscapeLeft UIInterfaceOrientationLandscapeRight";
				INFOPLIST_KEY_UISupportedInterfaceOrientations_iPhone = "UIInterfaceOrientationPortrait UIInterfaceOrientationLandscapeLeft UIInterfaceOrientationLandscapeRight";
				LD_RUNPATH_SEARCH_PATHS = (
					"$(inherited)",
					"@executable_path/Frameworks",
				);
				MARKETING_VERSION = 1.0;
				PRODUCT_BUNDLE_IDENTIFIER = app.pingback.pingback;
				PRODUCT_NAME = "$(TARGET_NAME)";
				SWIFT_EMIT_LOC_STRINGS = YES;
				SWIFT_VERSION = 5.0;
				TARGETED_DEVICE_FAMILY = "1,2";
			};
			name = Release;
		};
		B054EACD2E7076AE007F3CAA /* Debug */ = {
			isa = XCBuildConfiguration;
			buildSettings = {
				BUNDLE_LOADER = "$(TEST_HOST)";
				CODE_SIGN_STYLE = Automatic;
				CURRENT_PROJECT_VERSION = 1;
				GENERATE_INFOPLIST_FILE = YES;
				IPHONEOS_DEPLOYMENT_TARGET = 18.5;
				MARKETING_VERSION = 1.0;
				PRODUCT_BUNDLE_IDENTIFIER = app.pingback.pingbackTests;
				PRODUCT_NAME = "$(TARGET_NAME)";
				SWIFT_EMIT_LOC_STRINGS = NO;
				SWIFT_VERSION = 5.0;
				TARGETED_DEVICE_FAMILY = "1,2";
				TEST_HOST = "$(BUILT_PRODUCTS_DIR)/pingback.app/$(BUNDLE_EXECUTABLE_FOLDER_PATH)/pingback";
			};
			name = Debug;
		};
		B054EACE2E7076AE007F3CAA /* Release */ = {
			isa = XCBuildConfiguration;
			buildSettings = {
				BUNDLE_LOADER = "$(TEST_HOST)";
				CODE_SIGN_STYLE = Automatic;
				CURRENT_PROJECT_VERSION = 1;
				GENERATE_INFOPLIST_FILE = YES;
				IPHONEOS_DEPLOYMENT_TARGET = 18.5;
				MARKETING_VERSION = 1.0;
				PRODUCT_BUNDLE_IDENTIFIER = app.pingback.pingbackTests;
				PRODUCT_NAME = "$(TARGET_NAME)";
				SWIFT_EMIT_LOC_STRINGS = NO;
				SWIFT_VERSION = 5.0;
				TARGETED_DEVICE_FAMILY = "1,2";
				TEST_HOST = "$(BUILT_PRODUCTS_DIR)/pingback.app/$(BUNDLE_EXECUTABLE_FOLDER_PATH)/pingback";
			};
			name = Release;
		};
		B054EAD02E7076AE007F3CAA /* Debug */ = {
			isa = XCBuildConfiguration;
			buildSettings = {
				CODE_SIGN_STYLE = Automatic;
				CURRENT_PROJECT_VERSION = 1;
				GENERATE_INFOPLIST_FILE = YES;
				MARKETING_VERSION = 1.0;
				PRODUCT_BUNDLE_IDENTIFIER = app.pingback.pingbackUITests;
				PRODUCT_NAME = "$(TARGET_NAME)";
				SWIFT_EMIT_LOC_STRINGS = NO;
				SWIFT_VERSION = 5.0;
				TARGETED_DEVICE_FAMILY = "1,2";
				TEST_TARGET_NAME = pingback;
			};
			name = Debug;
		};
		B054EAD12E7076AE007F3CAA /* Release */ = {
			isa = XCBuildConfiguration;
			buildSettings = {
				CODE_SIGN_STYLE = Automatic;
				CURRENT_PROJECT_VERSION = 1;
				GENERATE_INFOPLIST_FILE = YES;
				MARKETING_VERSION = 1.0;
				PRODUCT_BUNDLE_IDENTIFIER = app.pingback.pingbackUITests;
				PRODUCT_NAME = "$(TARGET_NAME)";
				SWIFT_EMIT_LOC_STRINGS = NO;
				SWIFT_VERSION = 5.0;
				TARGETED_DEVICE_FAMILY = "1,2";
				TEST_TARGET_NAME = pingback;
			};
			name = Release;
		};
/* End XCBuildConfiguration section */

/* Begin XCConfigurationList section */
		B054EAA32E7076AC007F3CAA /* Build configuration list for PBXProject "pingback" */ = {
			isa = XCConfigurationList;
			buildConfigurations = (
				B054EAC72E7076AE007F3CAA /* Debug */,
				B054EAC82E7076AE007F3CAA /* Release */,
			);
			defaultConfigurationIsVisible = 0;
			defaultConfigurationName = Release;
		};
		B054EAC92E7076AE007F3CAA /* Build configuration list for PBXNativeTarget "pingback" */ = {
			isa = XCConfigurationList;
			buildConfigurations = (
				B054EACA2E7076AE007F3CAA /* Debug */,
				B054EACB2E7076AE007F3CAA /* Release */,
			);
			defaultConfigurationIsVisible = 0;
			defaultConfigurationName = Release;
		};
		B054EACC2E7076AE007F3CAA /* Build configuration list for PBXNativeTarget "pingbackTests" */ = {
			isa = XCConfigurationList;
			buildConfigurations = (
				B054EACD2E7076AE007F3CAA /* Debug */,
				B054EACE2E7076AE007F3CAA /* Release */,
			);
			defaultConfigurationIsVisible = 0;
			defaultConfigurationName = Release;
		};
		B054EACF2E7076AE007F3CAA /* Build configuration list for PBXNativeTarget "pingbackUITests" */ = {
			isa = XCConfigurationList;
			buildConfigurations = (
				B054EAD02E7076AE007F3CAA /* Debug */,
				B054EAD12E7076AE007F3CAA /* Release */,
			);
			defaultConfigurationIsVisible = 0;
			defaultConfigurationName = Release;
		};
/* End XCConfigurationList section */
	};
	rootObject = B054EAA02E7076AC007F3CAA /* Project object */;
}
